{
	"name": "j-bidi",
	"version": "0.0.2-alpha.6",
	"lockfileVersion": 3,
	"requires": true,
	"packages": {
		"": {
			"name": "j-bidi",
			"version": "0.0.2-alpha.6",
			"dependencies": {
				"j-atom": "0.2.0-alpha.2",
				"jrx": "0.3.0-alpha.8",
				"protobufjs": "^8.0.0",
				"ws": "^8.20.0"
			},
			"devDependencies": {
				"@types/ws": "^8.18.1",
				"typescript": "^6.0.2"
			}
		},
		"node_modules/@types/node": {
			"version": "25.5.0",
			"resolved": "https://registry.npmjs.org/@types/node/-/node-25.5.0.tgz",
			"integrity": "sha512-jp2P3tQMSxWugkCUKLRPVUpGaL5MVFwF8RDuSRztfwgN1wmqJeMSbKlnEtQqU8UrhTmzEmZdu2I6v2dpp7XIxw==",
			"license": "MIT",
			"dependencies": {
				"undici-types": "~7.18.0"
			}
		},
		"node_modules/@types/ws": {
			"version": "8.18.1",
			"resolved": "https://registry.npmjs.org/@types/ws/-/ws-8.18.1.tgz",
			"integrity": "sha512-ThVF6DCVhA8kUGy+aazFQ4kXQ7E1Ty7A3ypFOe0IcJV8O/M511G99AW24irKrW56Wt44yG9+ij8FaqoBGkuBXg==",
			"dev": true,
			"license": "MIT",
			"dependencies": {
				"@types/node": "*"
			}
		},
		"node_modules/j-atom": {
			"version": "0.2.0-alpha.2",
			"resolved": "https://registry.npmjs.org/j-atom/-/j-atom-0.2.0-alpha.2.tgz",
			"integrity": "sha512-s5ExJdwHcorWhQkaFh6KaF80DyrPs0n+Rb3ZXhMcGTI03k7BXSrGcH5qMXKPxS694M44OkQKWW/IATrqcI/i8w=="
		},
		"node_modules/jrx": {
			"version": "0.3.0-alpha.8",
			"resolved": "https://registry.npmjs.org/jrx/-/jrx-0.3.0-alpha.8.tgz",
			"integrity": "sha512-WAJKvvsnTUOjVie5ezDbufQgk/Fj11IcDFjlXho3NtqrONnbPmc+ite9T265ZqSPhYASkGR46TrFtZfqsIIYVA=="
		},
		"node_modules/long": {
			"version": "5.3.2",
			"resolved": "https://registry.npmjs.org/long/-/long-5.3.2.tgz",
			"integrity": "sha512-mNAgZ1GmyNhD7AuqnTG3/VQ26o760+ZYBPKjPvugO8+nLbYfX6TVpJPseBvopbdY+qpZ/lKUnmEc1LeZYS3QAA==",
			"license": "Apache-2.0"
		},
		"node_modules/protobufjs": {
			"version": "8.0.3",
			"resolved": "https://registry.npmjs.org/protobufjs/-/protobufjs-8.0.3.tgz",
			"integrity": "sha512-LBYnMWkKLB8fE/ljROPDbCl7mgLSlI+oBe1fAAr5MTqFg4TIi0tYrVVurJvQggOjnUYMQtEZBjrej59ojMNTHQ==",
			"hasInstallScript": true,
			"license": "BSD-3-Clause",
			"dependencies": {
				"@types/node": ">=13.7.0",
				"long": "^5.0.0"
			},
			"engines": {
				"node": ">=12.0.0"
			}
		},
		"node_modules/typescript": {
			"version": "6.0.2",
			"resolved": "https://registry.npmjs.org/typescript/-/typescript-6.0.2.tgz",
			"integrity": "sha512-bGdAIrZ0wiGDo5l8c++HWtbaNCWTS4UTv7RaTH/ThVIgjkveJt83m74bBHMJkuCbslY8ixgLBVZJIOiQlQTjfQ==",
			"dev": true,
			"license": "Apache-2.0",
			"bin": {
				"tsc": "bin/tsc",
				"tsserver": "bin/tsserver"
			},
			"engines": {
				"node": ">=14.17"
			}
		},
		"node_modules/undici-types": {
			"version": "7.18.2",
			"resolved": "https://registry.npmjs.org/undici-types/-/undici-types-7.18.2.tgz",
			"integrity": "sha512-AsuCzffGHJybSaRrmr5eHr81mwJU3kjw6M+uprWvCXiNeN9SOGwQ3Jn8jb8m3Z6izVgknn1R0FTCEAP2QrLY/w==",
			"license": "MIT"
		},
		"node_modules/ws": {
			"version": "8.20.0",
			"resolved": "https://registry.npmjs.org/ws/-/ws-8.20.0.tgz",
			"integrity": "sha512-sAt8BhgNbzCtgGbt2OxmpuryO63ZoDk/sqaB/znQm94T4fCEsy/yV+7CdC1kJhOU9lboAEU7R3kquuycDoibVA==",
			"license": "MIT",
			"engines": {
				"node": ">=10.0.0"
			},
			"peerDependencies": {
				"bufferutil": "^4.0.1",
				"utf-8-validate": ">=5.0.2"
			},
			"peerDependenciesMeta": {
				"bufferutil": {
					"optional": true
				},
				"utf-8-validate": {
					"optional": true
				}
			}
		}
	}
}
