{
	"name": "j-bidi",
	"version": "0.0.2-alpha.7",
	"lockfileVersion": 3,
	"requires": true,
	"packages": {
		"": {
			"name": "j-bidi",
			"version": "0.0.2-alpha.7",
			"dependencies": {
				"j-atom": "0.2.0-alpha.2"
			},
			"devDependencies": {
				"typescript": "^6.0.2"
			}
		},
		"node_modules/j-atom": {
			"version": "0.2.0-alpha.2",
			"resolved": "https://registry.npmjs.org/j-atom/-/j-atom-0.2.0-alpha.2.tgz",
			"integrity": "sha512-s5ExJdwHcorWhQkaFh6KaF80DyrPs0n+Rb3ZXhMcGTI03k7BXSrGcH5qMXKPxS694M44OkQKWW/IATrqcI/i8w=="
		},
		"node_modules/typescript": {
			"version": "6.0.2",
			"resolved": "https://registry.npmjs.org/typescript/-/typescript-6.0.2.tgz",
			"integrity": "sha512-bGdAIrZ0wiGDo5l8c++HWtbaNCWTS4UTv7RaTH/ThVIgjkveJt83m74bBHMJkuCbslY8ixgLBVZJIOiQlQTjfQ==",
			"dev": true,
			"license": "Apache-2.0",
			"bin": {
				"tsc": "bin/tsc",
				"tsserver": "bin/tsserver"
			},
			"engines": {
				"node": ">=14.17"
			}
		}
	}
}
